
Microsoft Visual Studio Solution File, Format Version 12.00
# Visual Studio 15
VisualStudioVersion = 15.0.28307.1321
MinimumVisualStudioVersion = 10.0.40219.1
Project("{FAE04EC0-301F-11D3-BF4B-00C04F79EFBC}") = "WCFService_2Way_001", "WCFService_2Way_001\WCFService_2Way_001.csproj", "{818AB53F-71FF-494B-B5A3-575DA225D463}"
EndProject
Global
	GlobalSection(SolutionConfigurationPlatforms) = preSolution
		Debug|Any CPU = Debug|Any CPU
		Release|Any CPU = Release|Any CPU
	EndGlobalSection
	GlobalSection(ProjectConfigurationPlatforms) = postSolution
		{818AB53F-71FF-494B-B5A3-575DA225D463}.Debug|Any CPU.ActiveCfg = Debug|Any CPU
		{818AB53F-71FF-494B-B5A3-575DA225D463}.Debug|Any CPU.Build.0 = Debug|Any CPU
		{818AB53F-71FF-494B-B5A3-575DA225D463}.Release|Any CPU.ActiveCfg = Release|Any CPU
		{818AB53F-71FF-494B-B5A3-575DA225D463}.Release|Any CPU.Build.0 = Release|Any CPU
	EndGlobalSection
	GlobalSection(SolutionProperties) = preSolution
		HideSolutionNode = FALSE
	EndGlobalSection
	GlobalSection(ExtensibilityGlobals) = postSolution
		SolutionGuid = {588F0041-626F-4AD8-A0BA-249E40B76931}
	EndGlobalSection
EndGlobal
